
Microsoft Visual Studio Solution File, Format Version 12.00
# Visual Studio Version 17
VisualStudioVersion = 17.9.34728.123
MinimumVisualStudioVersion = 10.0.40219.1
Project("{FAE04EC0-301F-11D3-BF4B-00C04F79EFBC}") = "Phoenix", "Midterm-POS-SU4\Phoenix.csproj", "{2ACC02FB-0AF7-4D11-91FF-2626E2208DD4}"
EndProject
Project("{FAE04EC0-301F-11D3-BF4B-00C04F79EFBC}") = "DataAccessLibrary", "DataAccessLibrary\DataAccessLibrary.csproj", "{9FB41715-B776-4444-B8DD-51D9E5977B25}"
EndProject
Global
	GlobalSection(SolutionConfigurationPlatforms) = preSolution
		Debug|Any CPU = Debug|Any CPU
		Release|Any CPU = Release|Any CPU
	EndGlobalSection
	GlobalSection(ProjectConfigurationPlatforms) = postSolution
		{2ACC02FB-0AF7-4D11-91FF-2626E2208DD4}.Debug|Any CPU.ActiveCfg = Debug|Any CPU
		{2ACC02FB-0AF7-4D11-91FF-2626E2208DD4}.Debug|Any CPU.Build.0 = Debug|Any CPU
		{2ACC02FB-0AF7-4D11-91FF-2626E2208DD4}.Release|Any CPU.ActiveCfg = Release|Any CPU
		{2ACC02FB-0AF7-4D11-91FF-2626E2208DD4}.Release|Any CPU.Build.0 = Release|Any CPU
		{9FB41715-B776-4444-B8DD-51D9E5977B25}.Debug|Any CPU.ActiveCfg = Debug|Any CPU
		{9FB41715-B776-4444-B8DD-51D9E5977B25}.Debug|Any CPU.Build.0 = Debug|Any CPU
		{9FB41715-B776-4444-B8DD-51D9E5977B25}.Release|Any CPU.ActiveCfg = Release|Any CPU
		{9FB41715-B776-4444-B8DD-51D9E5977B25}.Release|Any CPU.Build.0 = Release|Any CPU
	EndGlobalSection
	GlobalSection(SolutionProperties) = preSolution
		HideSolutionNode = FALSE
	EndGlobalSection
	GlobalSection(ExtensibilityGlobals) = postSolution
		SolutionGuid = {81CEC949-4AAE-4CEA-A718-D142D43BEB6D}
	EndGlobalSection
EndGlobal
